lockfileVersion: '9.0'

settings:
  autoInstallPeers: true
  excludeLinksFromLockfile: false

importers:

  .:
    dependencies:
      '@greenlock/manager':
        specifier: ^3.1.0
        version: 3.1.0
      '@root/acme':
        specifier: ^3.1.0
        version: 3.1.0
      '@root/csr':
        specifier: ^0.8.1
        version: 0.8.1
      '@root/keypairs':
        specifier: ^0.10.0
        version: 0.10.3
      '@root/mkdirp':
        specifier: ^1.0.0
        version: 1.0.0
      '@root/request':
        specifier: ^1.6.1
        version: 1.9.2
      acme-dns-01-cli:
        specifier: ^3.0.7
        version: 3.0.7
      acme-http-01-standalone:
        specifier: ^3.0.5
        version: 3.0.5
      cert-info:
        specifier: ^1.5.1
        version: 1.5.1
      greenlock-store-fs:
        specifier: ^3.2.2
        version: 3.2.2
      lemonlog:
        specifier: ^1.2.0
        version: 1.2.0
      redirect-https:
        specifier: ^1.3.1
        version: 1.3.1
      safe-replace:
        specifier: ^1.1.0
        version: 1.1.0

packages:

  '@greenlock/manager@3.1.0':
    resolution: {integrity: sha512-PBy5CMK+j4oD7sj7hF5qE+xKEOSiiuL2hHd5X5ttEbtnTSDKjNeqbrR5k2ZddwVNdjOVeBIeuqlm81IFZ+Ftew==}

  '@root/acme@3.1.0':
    resolution: {integrity: sha512-GAyaW63cpSYd2KvVp5lHLbCWeEhJPKZK9nsJvZJOKsD9Uv88KEttn4FpDZEJ+2q3Jsey0DWpuQ2I4ft0JV9p2w==}

  '@root/asn1@1.0.2':
    resolution: {integrity: sha512-v9TNX5n06882Z+TSkXrY2jCvoEHlrPB2Nnto5hhi3wRZrsR8XumdgpPDk/XCI33tA8XpxmCCS2kh0ZDwd3AIlg==}

  '@root/csr@0.8.1':
    resolution: {integrity: sha512-hKl0VuE549TK6SnS2Yn9nRvKbFZXn/oAg+dZJU/tlKl/f/0yRXeuUzf8akg3JjtJq+9E592zDqeXZ7yyrg8fSQ==}

  '@root/encoding@1.0.1':
    resolution: {integrity: sha512-OaEub02ufoU038gy6bsNHQOjIn8nUjGiLcaRmJ40IUykneJkIW5fxDqKxQx48cszuNflYldsJLPPXCrGfHs8yQ==}

  '@root/keypairs@0.10.3':
    resolution: {integrity: sha512-hbmjVbk/G99Z1XlUzJM4VOAaR8jm4vMnfwpZL301FA24ubJ/bOjj6enCrz9gKsQvBO6RY4/R4MgUuWpXeqeZZQ==}

  '@root/mkdirp@1.0.0':
    resolution: {integrity: sha512-hxGAYUx5029VggfG+U9naAhQkoMSXtOeXtbql97m3Hi6/sQSRL/4khKZPyOF6w11glyCOU38WCNLu9nUcSjOfA==}

  '@root/pem@1.0.4':
    resolution: {integrity: sha512-rEUDiUsHtild8GfIjFE9wXtcVxeS+ehCJQBwbQQ3IVfORKHK93CFnRtkr69R75lZFjcmKYVc+AXDB+AeRFOULA==}

  '@root/request@1.9.2':
    resolution: {integrity: sha512-wVaL9yVV9oDR9UNbPZa20qgY+4Ch6YN8JUkaE4el/uuS5dmhD8Lusm/ku8qJVNtmQA56XLzEDCRS6/vfpiHK2A==}

  '@root/x509@0.7.2':
    resolution: {integrity: sha512-ENq3LGYORK5NiMFHEVeNMt+fTXaC7DTS6sQXoqV+dFdfT0vmiL5cDLjaXQhaklJQq0NiwicZegzJRl1ZOTp3WQ==}

  '@types/root__asn1@1.0.5':
    resolution: {integrity: sha512-halz3HrALf1N4pUJrtQrH6mdWPczXwshoWjuxmx49riKMJv2MZGKXnauk0RjlnRzM0rlwiAJRlMT9FtSjnF2kw==}

  acme-dns-01-cli@3.0.7:
    resolution: {integrity: sha512-Aa4bUpq6ftX1VODiShOetOY5U0tsXY5EV7+fQwme3Q8Y9rjYBArBXHgFCAVKtK1AF+Ev8pIuF6Z42hzMFa73/w==}

  acme-http-01-standalone@3.0.5:
    resolution: {integrity: sha512-W4GfK+39GZ+u0mvxRVUcVFCG6gposfzEnSBF20T/NUwWAKG59wQT1dUbS1NixRIAsRuhpGc4Jx659cErFQH0Pg==}

  cert-info@1.5.1:
    resolution: {integrity: sha512-eoQC/yAgW3gKTKxjzyClvi+UzuY97YCjcl+lSqbsGIy7HeGaWxCPOQFivhUYm27hgsBMhsJJFya3kGvK6PMIcQ==}
    hasBin: true

  debug@4.4.1:
    resolution: {integrity: sha512-KcKCqiftBJcZr++7ykoDIEwSa3XWowTfNPo92BYxjXiyYEVrUQh2aLyhxBCwww+heortUFxEJYcRzosstTEBYQ==}
    engines: {node: '>=6.0'}
    peerDependencies:
      supports-color: '*'
    peerDependenciesMeta:
      supports-color:
        optional: true

  escape-html@1.0.3:
    resolution: {integrity: sha512-NiSupZ4OeuGwr68lGIeym/ksIZMJodUGOSCZ/FSnTxcrekbvqrgdUxlJOMpijaKZVjAJrWrGs/6Jy8OMuyj9ow==}

  greenlock-manager-fs@3.1.1:
    resolution: {integrity: sha512-np6qdnPIOZx40PAcSQcqK1eMPWjTKxsxcgRd/OVg0ai49WC1Ds74CTrwmB84pq2n53ikbnDBQFmKEQ4AC0DK8w==}

  greenlock-store-fs@3.2.2:
    resolution: {integrity: sha512-92ejLB4DyV4qv/2b6VLGF2nKfYQeIfg3o+e/1cIoYLjlIaUFdbBXkzLTRozFlHsQPZt2ALi5qYrpC9IwH7GK8A==}

  lemonlog@1.2.0:
    resolution: {integrity: sha512-gBhvkCXzpdEdD2gnso4XFKNJANlhpVOliV03gio6sk13hD47yhXpesiM/ttmBH+CuOBXoHI0rncK34AJdgmdXQ==}

  ms@2.1.3:
    resolution: {integrity: sha512-6FlzubTLZG3J2a/NVCAleEhjzq5oxgHyaCU9yYXvcLsvoVaHJq/s5xXI6/XXP6tz7R9xAOtHnSO/tXtF3WRTlA==}

  redirect-https@1.3.1:
    resolution: {integrity: sha512-Stex2nI+tMpZXKvy++32TiBXEy+GdpAfp3EUnl5BqCiJ5f5i6XvUSFrs7TR7IoRSlthM7ZtD89uYGTtJBXlFYg==}

  safe-replace@1.1.0:
    resolution: {integrity: sha512-9/V2E0CDsKs9DWOOwJH7jYpSl9S3N05uyevNjvsnDauBqRowBPOyot1fIvV5N2IuZAbYyvrTXrYFVG0RZInfFw==}

snapshots:

  '@greenlock/manager@3.1.0':
    dependencies:
      greenlock-manager-fs: 3.1.1

  '@root/acme@3.1.0':
    dependencies:
      '@root/csr': 0.8.1
      '@root/encoding': 1.0.1
      '@root/keypairs': 0.10.3
      '@root/pem': 1.0.4
      '@root/request': 1.9.2
      '@root/x509': 0.7.2

  '@root/asn1@1.0.2':
    dependencies:
      '@root/encoding': 1.0.1
      '@types/root__asn1': 1.0.5

  '@root/csr@0.8.1':
    dependencies:
      '@root/asn1': 1.0.2
      '@root/pem': 1.0.4
      '@root/x509': 0.7.2

  '@root/encoding@1.0.1': {}

  '@root/keypairs@0.10.3':
    dependencies:
      '@root/encoding': 1.0.1
      '@root/pem': 1.0.4
      '@root/x509': 0.7.2

  '@root/mkdirp@1.0.0': {}

  '@root/pem@1.0.4': {}

  '@root/request@1.9.2': {}

  '@root/x509@0.7.2':
    dependencies:
      '@root/asn1': 1.0.2
      '@root/encoding': 1.0.1

  '@types/root__asn1@1.0.5': {}

  acme-dns-01-cli@3.0.7: {}

  acme-http-01-standalone@3.0.5: {}

  cert-info@1.5.1: {}

  debug@4.4.1:
    dependencies:
      ms: 2.1.3

  escape-html@1.0.3: {}

  greenlock-manager-fs@3.1.1:
    dependencies:
      '@root/mkdirp': 1.0.0
      safe-replace: 1.1.0

  greenlock-store-fs@3.2.2:
    dependencies:
      '@root/mkdirp': 1.0.0
      safe-replace: 1.1.0

  lemonlog@1.2.0:
    dependencies:
      debug: 4.4.1
    transitivePeerDependencies:
      - supports-color

  ms@2.1.3: {}

  redirect-https@1.3.1:
    dependencies:
      escape-html: 1.0.3

  safe-replace@1.1.0: {}
